lockfileVersion: '9.0'

settings:
  autoInstallPeers: true
  excludeLinksFromLockfile: false

importers:

  .:
    dependencies:
      axios:
        specifier: ^0.19.0
        version: 0.19.2
      node-json-converter:
        specifier: 0.0.1-security
        version: 0.0.1-security

packages:

  axios@0.19.2:
    resolution: {integrity: sha512-fjgm5MvRHLhx+osE2xoekY70AhARk3a6hkN+3Io1jc00jtquGvxYlKlsFUhmUET0V5te6CcZI7lcv2Ym61mjHA==}
    deprecated: Critical security vulnerability fixed in v0.21.1. For more information, see https://github.com/axios/axios/pull/3410

  debug@3.1.0:
    resolution: {integrity: sha512-OX8XqP7/1a9cqkxYw2yXss15f26NKWBpDXQd0/uK/KPqdQhxbPa994hnzjcE2VqQpDslf55723cKPUOGSmMY3g==}
    peerDependencies:
      supports-color: '*'
    peerDependenciesMeta:
      supports-color:
        optional: true

  follow-redirects@1.5.10:
    resolution: {integrity: sha512-0V5l4Cizzvqt5D44aTXbFZz+FtyXV1vrDN6qrelxtfYQKW0KO0W2T/hkE8xvGa/540LkZlkaUjO4ailYTFtHVQ==}
    engines: {node: '>=4.0'}

  ms@2.0.0:
    resolution: {integrity: sha512-Tpp60P6IUJDTuOq/5Z8cdskzJujfwqfOTkrwIwj7IRISpnkJnT6SyJ4PCPnGMoFjC9ddhal5KVIYtAt97ix05A==}

  node-json-converter@0.0.1-security:
    resolution: {integrity: sha512-KxZvcO/m1dly7F8QvHKHq/kTXC/NtEzprCDCEt6ipJasWbT9YetNt0y7kSOblgR/l5sIS1455WQNtzSyu9Qe1Q==}

snapshots:

  axios@0.19.2:
    dependencies:
      follow-redirects: 1.5.10
    transitivePeerDependencies:
      - supports-color

  debug@3.1.0:
    dependencies:
      ms: 2.0.0

  follow-redirects@1.5.10:
    dependencies:
      debug: 3.1.0
    transitivePeerDependencies:
      - supports-color

  ms@2.0.0: {}

  node-json-converter@0.0.1-security: {}
